
Microsoft Visual Studio Solution File, Format Version 12.00
# Visual Studio Version 16
VisualStudioVersion = 16.0.30709.132
MinimumVisualStudioVersion = 10.0.40219.1
Project("{9A19103F-16F7-4668-BE54-9A1E7A4F7556}") = "UploadToBlobStorage2", "UploadToBlobStorage\UploadToBlobStorage2.csproj", "{1687BCC0-E08C-4103-8024-2AB34051649A}"
EndProject
Project("{FAE04EC0-301F-11D3-BF4B-00C04F79EFBC}") = "UploadBlobStorageMVC", "UploadBlobStorageMVC\UploadBlobStorageMVC.csproj", "{0E23EB45-9BEC-4630-945D-F6E546A7FD74}"
EndProject
Global
	GlobalSection(SolutionConfigurationPlatforms) = preSolution
		Debug|Any CPU = Debug|Any CPU
		Release|Any CPU = Release|Any CPU
	EndGlobalSection
	GlobalSection(ProjectConfigurationPlatforms) = postSolution
		{1687BCC0-E08C-4103-8024-2AB34051649A}.Debug|Any CPU.ActiveCfg = Debug|Any CPU
		{1687BCC0-E08C-4103-8024-2AB34051649A}.Debug|Any CPU.Build.0 = Debug|Any CPU
		{1687BCC0-E08C-4103-8024-2AB34051649A}.Release|Any CPU.ActiveCfg = Release|Any CPU
		{1687BCC0-E08C-4103-8024-2AB34051649A}.Release|Any CPU.Build.0 = Release|Any CPU
		{0E23EB45-9BEC-4630-945D-F6E546A7FD74}.Debug|Any CPU.ActiveCfg = Debug|Any CPU
		{0E23EB45-9BEC-4630-945D-F6E546A7FD74}.Debug|Any CPU.Build.0 = Debug|Any CPU
		{0E23EB45-9BEC-4630-945D-F6E546A7FD74}.Release|Any CPU.ActiveCfg = Release|Any CPU
		{0E23EB45-9BEC-4630-945D-F6E546A7FD74}.Release|Any CPU.Build.0 = Release|Any CPU
	EndGlobalSection
	GlobalSection(SolutionProperties) = preSolution
		HideSolutionNode = FALSE
	EndGlobalSection
	GlobalSection(ExtensibilityGlobals) = postSolution
		SolutionGuid = {BA752FBF-79D6-478B-A652-C7C049E548C5}
	EndGlobalSection
EndGlobal
